
Microsoft Visual Studio Solution File, Format Version 12.00
# Visual Studio 16
Project("{FAE04EC0-301F-11D3-BF4B-00C04F79EFBC}") = "Assembly-CSharp", "Assembly-CSharp.csproj", "{58B7AC84-81CA-D813-0660-DE7BED4752F2}"
EndProject
Project("{FAE04EC0-301F-11D3-BF4B-00C04F79EFBC}") = "Assembly-CSharp-Editor", "Assembly-CSharp-Editor.csproj", "{91A8B86D-691B-6922-07E4-7C346C44E838}"
EndProject
Global
	GlobalSection(SolutionConfigurationPlatforms) = preSolution
		Debug|Any CPU = Debug|Any CPU
		Release|Any CPU = Release|Any CPU
	EndGlobalSection
	GlobalSection(ProjectConfigurationPlatforms) = postSolution
		{58B7AC84-81CA-D813-0660-DE7BED4752F2}.Debug|Any CPU.ActiveCfg = Debug|Any CPU
		{58B7AC84-81CA-D813-0660-DE7BED4752F2}.Debug|Any CPU.Build.0 = Debug|Any CPU
		{58B7AC84-81CA-D813-0660-DE7BED4752F2}.Release|Any CPU.ActiveCfg = Release|Any CPU
		{58B7AC84-81CA-D813-0660-DE7BED4752F2}.Release|Any CPU.Build.0 = Release|Any CPU
		{91A8B86D-691B-6922-07E4-7C346C44E838}.Debug|Any CPU.ActiveCfg = Debug|Any CPU
		{91A8B86D-691B-6922-07E4-7C346C44E838}.Debug|Any CPU.Build.0 = Debug|Any CPU
		{91A8B86D-691B-6922-07E4-7C346C44E838}.Release|Any CPU.ActiveCfg = Release|Any CPU
		{91A8B86D-691B-6922-07E4-7C346C44E838}.Release|Any CPU.Build.0 = Release|Any CPU
	EndGlobalSection
	GlobalSection(SolutionProperties) = preSolution
		HideSolutionNode = FALSE
	EndGlobalSection
EndGlobal
