
Microsoft Visual Studio Solution File, Format Version 12.00
# Visual Studio for Mac
Project("{FAE04EC0-301F-11D3-BF4B-00C04F79EFBC}") = "Assembly-CSharp", "Assembly-CSharp.csproj", "{C0C2E2CA-2146-472E-67E0-F9A3B130BC99}"
EndProject
Project("{FAE04EC0-301F-11D3-BF4B-00C04F79EFBC}") = "Assembly-CSharp-Editor", "Assembly-CSharp-Editor.csproj", "{BF9AEF85-5122-9C11-C7C0-F221C2AD6357}"
EndProject
Global
	GlobalSection(SolutionConfigurationPlatforms) = preSolution
		Debug|Any CPU = Debug|Any CPU
		Release|Any CPU = Release|Any CPU
	EndGlobalSection
	GlobalSection(ProjectConfigurationPlatforms) = postSolution
		{C0C2E2CA-2146-472E-67E0-F9A3B130BC99}.Debug|Any CPU.ActiveCfg = Debug|Any CPU
		{C0C2E2CA-2146-472E-67E0-F9A3B130BC99}.Debug|Any CPU.Build.0 = Debug|Any CPU
		{C0C2E2CA-2146-472E-67E0-F9A3B130BC99}.Release|Any CPU.ActiveCfg = Release|Any CPU
		{C0C2E2CA-2146-472E-67E0-F9A3B130BC99}.Release|Any CPU.Build.0 = Release|Any CPU
		{BF9AEF85-5122-9C11-C7C0-F221C2AD6357}.Debug|Any CPU.ActiveCfg = Debug|Any CPU
		{BF9AEF85-5122-9C11-C7C0-F221C2AD6357}.Debug|Any CPU.Build.0 = Debug|Any CPU
		{BF9AEF85-5122-9C11-C7C0-F221C2AD6357}.Release|Any CPU.ActiveCfg = Release|Any CPU
		{BF9AEF85-5122-9C11-C7C0-F221C2AD6357}.Release|Any CPU.Build.0 = Release|Any CPU
	EndGlobalSection
	GlobalSection(SolutionProperties) = preSolution
		HideSolutionNode = FALSE
	EndGlobalSection
EndGlobal
